
Microsoft Visual Studio Solution File, Format Version 12.00
# Visual Studio Version 17
VisualStudioVersion = 17.4.33110.190
MinimumVisualStudioVersion = 10.0.40219.1
Project("{9A19103F-16F7-4668-BE54-9A1E7A4F7556}") = "Day1", "Day1\Day1.csproj", "{30C8EFCF-D0DD-4AB4-B861-F6D68EE2623F}"
EndProject
Project("{9A19103F-16F7-4668-BE54-9A1E7A4F7556}") = "Day2", "Day2\Day2.csproj", "{78F9396A-9CC8-4179-964C-5C5A89C5699F}"
EndProject
Project("{9A19103F-16F7-4668-BE54-9A1E7A4F7556}") = "Day3", "Day3\Day3.csproj", "{28D384FA-8B5B-4B7F-927D-8979394DAC56}"
EndProject
Project("{9A19103F-16F7-4668-BE54-9A1E7A4F7556}") = "Day4", "Day4\Day4.csproj", "{BA8DFDF4-C76E-428F-81AA-21C8F6DAD107}"
EndProject
Project("{9A19103F-16F7-4668-BE54-9A1E7A4F7556}") = "Day5", "Day5\Day5.csproj", "{8B43780D-C7C7-45B4-BC8D-9B0D856A7D83}"
EndProject
Project("{9A19103F-16F7-4668-BE54-9A1E7A4F7556}") = "Day6", "Day6\Day6.csproj", "{B0536C43-FC68-43B5-9B07-85941B752EB8}"
EndProject
Project("{9A19103F-16F7-4668-BE54-9A1E7A4F7556}") = "Day7", "Day7\Day7.csproj", "{6627C993-0A6B-47B1-9F72-BB319533C9E2}"
EndProject
Project("{9A19103F-16F7-4668-BE54-9A1E7A4F7556}") = "Day08", "Day8\Day08.csproj", "{9C26F08C-F928-4735-944E-3D3FE318D7CF}"
EndProject
Project("{9A19103F-16F7-4668-BE54-9A1E7A4F7556}") = "Day09", "Day9\Day09.csproj", "{02BE8CF2-58C8-406A-91D7-E97E72C3F750}"
EndProject
Project("{9A19103F-16F7-4668-BE54-9A1E7A4F7556}") = "Day10", "Day10\Day10.csproj", "{C89042A6-3943-48DF-8586-2ACB6F4C7238}"
EndProject
Project("{2150E333-8FDC-42A3-9474-1A3956D46DE8}") = "Week 1", "Week 1", "{7E14615C-9900-4813-BD2F-0C7CA6B90BA2}"
EndProject
Project("{2150E333-8FDC-42A3-9474-1A3956D46DE8}") = "Week 2", "Week 2", "{B155AD18-81BF-4824-B80E-A2D787BDFD08}"
EndProject
Project("{9A19103F-16F7-4668-BE54-9A1E7A4F7556}") = "Day11", "Day11\Day11.csproj", "{9A512C0F-66AE-48A0-8469-DE15B6AA658B}"
EndProject
Project("{FAE04EC0-301F-11D3-BF4B-00C04F79EFBC}") = "Day12", "Day12\Day12.csproj", "{BEF1CFEE-86AC-4370-8E80-CD528D8259A7}"
EndProject
Global
	GlobalSection(SolutionConfigurationPlatforms) = preSolution
		Debug|Any CPU = Debug|Any CPU
		Release|Any CPU = Release|Any CPU
	EndGlobalSection
	GlobalSection(ProjectConfigurationPlatforms) = postSolution
		{30C8EFCF-D0DD-4AB4-B861-F6D68EE2623F}.Debug|Any CPU.ActiveCfg = Debug|Any CPU
		{30C8EFCF-D0DD-4AB4-B861-F6D68EE2623F}.Debug|Any CPU.Build.0 = Debug|Any CPU
		{30C8EFCF-D0DD-4AB4-B861-F6D68EE2623F}.Release|Any CPU.ActiveCfg = Release|Any CPU
		{30C8EFCF-D0DD-4AB4-B861-F6D68EE2623F}.Release|Any CPU.Build.0 = Release|Any CPU
		{78F9396A-9CC8-4179-964C-5C5A89C5699F}.Debug|Any CPU.ActiveCfg = Debug|Any CPU
		{78F9396A-9CC8-4179-964C-5C5A89C5699F}.Debug|Any CPU.Build.0 = Debug|Any CPU
		{78F9396A-9CC8-4179-964C-5C5A89C5699F}.Release|Any CPU.ActiveCfg = Release|Any CPU
		{78F9396A-9CC8-4179-964C-5C5A89C5699F}.Release|Any CPU.Build.0 = Release|Any CPU
		{28D384FA-8B5B-4B7F-927D-8979394DAC56}.Debug|Any CPU.ActiveCfg = Debug|Any CPU
		{28D384FA-8B5B-4B7F-927D-8979394DAC56}.Debug|Any CPU.Build.0 = Debug|Any CPU
		{28D384FA-8B5B-4B7F-927D-8979394DAC56}.Release|Any CPU.ActiveCfg = Release|Any CPU
		{28D384FA-8B5B-4B7F-927D-8979394DAC56}.Release|Any CPU.Build.0 = Release|Any CPU
		{BA8DFDF4-C76E-428F-81AA-21C8F6DAD107}.Debug|Any CPU.ActiveCfg = Debug|Any CPU
		{BA8DFDF4-C76E-428F-81AA-21C8F6DAD107}.Debug|Any CPU.Build.0 = Debug|Any CPU
		{BA8DFDF4-C76E-428F-81AA-21C8F6DAD107}.Release|Any CPU.ActiveCfg = Release|Any CPU
		{BA8DFDF4-C76E-428F-81AA-21C8F6DAD107}.Release|Any CPU.Build.0 = Release|Any CPU
		{8B43780D-C7C7-45B4-BC8D-9B0D856A7D83}.Debug|Any CPU.ActiveCfg = Debug|Any CPU
		{8B43780D-C7C7-45B4-BC8D-9B0D856A7D83}.Debug|Any CPU.Build.0 = Debug|Any CPU
		{8B43780D-C7C7-45B4-BC8D-9B0D856A7D83}.Release|Any CPU.ActiveCfg = Release|Any CPU
		{8B43780D-C7C7-45B4-BC8D-9B0D856A7D83}.Release|Any CPU.Build.0 = Release|Any CPU
		{B0536C43-FC68-43B5-9B07-85941B752EB8}.Debug|Any CPU.ActiveCfg = Debug|Any CPU
		{B0536C43-FC68-43B5-9B07-85941B752EB8}.Debug|Any CPU.Build.0 = Debug|Any CPU
		{B0536C43-FC68-43B5-9B07-85941B752EB8}.Release|Any CPU.ActiveCfg = Release|Any CPU
		{B0536C43-FC68-43B5-9B07-85941B752EB8}.Release|Any CPU.Build.0 = Release|Any CPU
		{6627C993-0A6B-47B1-9F72-BB319533C9E2}.Debug|Any CPU.ActiveCfg = Debug|Any CPU
		{6627C993-0A6B-47B1-9F72-BB319533C9E2}.Debug|Any CPU.Build.0 = Debug|Any CPU
		{6627C993-0A6B-47B1-9F72-BB319533C9E2}.Release|Any CPU.ActiveCfg = Release|Any CPU
		{6627C993-0A6B-47B1-9F72-BB319533C9E2}.Release|Any CPU.Build.0 = Release|Any CPU
		{9C26F08C-F928-4735-944E-3D3FE318D7CF}.Debug|Any CPU.ActiveCfg = Debug|Any CPU
		{9C26F08C-F928-4735-944E-3D3FE318D7CF}.Debug|Any CPU.Build.0 = Debug|Any CPU
		{9C26F08C-F928-4735-944E-3D3FE318D7CF}.Release|Any CPU.ActiveCfg = Release|Any CPU
		{9C26F08C-F928-4735-944E-3D3FE318D7CF}.Release|Any CPU.Build.0 = Release|Any CPU
		{02BE8CF2-58C8-406A-91D7-E97E72C3F750}.Debug|Any CPU.ActiveCfg = Debug|Any CPU
		{02BE8CF2-58C8-406A-91D7-E97E72C3F750}.Debug|Any CPU.Build.0 = Debug|Any CPU
		{02BE8CF2-58C8-406A-91D7-E97E72C3F750}.Release|Any CPU.ActiveCfg = Release|Any CPU
		{02BE8CF2-58C8-406A-91D7-E97E72C3F750}.Release|Any CPU.Build.0 = Release|Any CPU
		{C89042A6-3943-48DF-8586-2ACB6F4C7238}.Debug|Any CPU.ActiveCfg = Debug|Any CPU
		{C89042A6-3943-48DF-8586-2ACB6F4C7238}.Debug|Any CPU.Build.0 = Debug|Any CPU
		{C89042A6-3943-48DF-8586-2ACB6F4C7238}.Release|Any CPU.ActiveCfg = Release|Any CPU
		{C89042A6-3943-48DF-8586-2ACB6F4C7238}.Release|Any CPU.Build.0 = Release|Any CPU
		{9A512C0F-66AE-48A0-8469-DE15B6AA658B}.Debug|Any CPU.ActiveCfg = Debug|Any CPU
		{9A512C0F-66AE-48A0-8469-DE15B6AA658B}.Debug|Any CPU.Build.0 = Debug|Any CPU
		{9A512C0F-66AE-48A0-8469-DE15B6AA658B}.Release|Any CPU.ActiveCfg = Release|Any CPU
		{9A512C0F-66AE-48A0-8469-DE15B6AA658B}.Release|Any CPU.Build.0 = Release|Any CPU
		{BEF1CFEE-86AC-4370-8E80-CD528D8259A7}.Debug|Any CPU.ActiveCfg = Debug|Any CPU
		{BEF1CFEE-86AC-4370-8E80-CD528D8259A7}.Debug|Any CPU.Build.0 = Debug|Any CPU
		{BEF1CFEE-86AC-4370-8E80-CD528D8259A7}.Release|Any CPU.ActiveCfg = Release|Any CPU
		{BEF1CFEE-86AC-4370-8E80-CD528D8259A7}.Release|Any CPU.Build.0 = Release|Any CPU
	EndGlobalSection
	GlobalSection(SolutionProperties) = preSolution
		HideSolutionNode = FALSE
	EndGlobalSection
	GlobalSection(NestedProjects) = preSolution
		{30C8EFCF-D0DD-4AB4-B861-F6D68EE2623F} = {7E14615C-9900-4813-BD2F-0C7CA6B90BA2}
		{78F9396A-9CC8-4179-964C-5C5A89C5699F} = {7E14615C-9900-4813-BD2F-0C7CA6B90BA2}
		{28D384FA-8B5B-4B7F-927D-8979394DAC56} = {7E14615C-9900-4813-BD2F-0C7CA6B90BA2}
		{BA8DFDF4-C76E-428F-81AA-21C8F6DAD107} = {7E14615C-9900-4813-BD2F-0C7CA6B90BA2}
		{8B43780D-C7C7-45B4-BC8D-9B0D856A7D83} = {7E14615C-9900-4813-BD2F-0C7CA6B90BA2}
		{B0536C43-FC68-43B5-9B07-85941B752EB8} = {7E14615C-9900-4813-BD2F-0C7CA6B90BA2}
		{6627C993-0A6B-47B1-9F72-BB319533C9E2} = {7E14615C-9900-4813-BD2F-0C7CA6B90BA2}
		{9C26F08C-F928-4735-944E-3D3FE318D7CF} = {B155AD18-81BF-4824-B80E-A2D787BDFD08}
		{02BE8CF2-58C8-406A-91D7-E97E72C3F750} = {B155AD18-81BF-4824-B80E-A2D787BDFD08}
		{C89042A6-3943-48DF-8586-2ACB6F4C7238} = {B155AD18-81BF-4824-B80E-A2D787BDFD08}
		{9A512C0F-66AE-48A0-8469-DE15B6AA658B} = {B155AD18-81BF-4824-B80E-A2D787BDFD08}
		{BEF1CFEE-86AC-4370-8E80-CD528D8259A7} = {B155AD18-81BF-4824-B80E-A2D787BDFD08}
	EndGlobalSection
	GlobalSection(ExtensibilityGlobals) = postSolution
		SolutionGuid = {F43C6E41-6FB0-4DE0-9ECA-297672AD52BA}
	EndGlobalSection
EndGlobal
